{
  "version": 4,
  "terraform_version": "1.1.9",
  "serial": 22,
  "lineage": "adf7068e-60f0-5f2a-a50a-2d71071aba49",
  "outputs": {
    "external_ip_address_node01_yandex_cloud": {
      "value": "51.250.104.122",
      "type": "string"
    },
    "external_ip_address_node02_yandex_cloud": {
      "value": "51.250.111.220",
      "type": "string"
    },
    "internal_ip_address_node01_yandex_cloud": {
      "value": "192.168.101.22",
      "type": "string"
    },
    "internal_ip_address_node02_yandex_cloud": {
      "value": "192.168.101.4",
      "type": "string"
    }
  },
  "resources": [
    {
      "mode": "managed",
      "type": "yandex_compute_instance",
      "name": "node01",
      "provider": "provider[\"registry.terraform.io/yandex-cloud/yandex\"]",
      "instances": [
        {
          "schema_version": 1,
          "attributes": {
            "allow_recreate": null,
            "allow_stopping_for_update": true,
            "boot_disk": [
              {
                "auto_delete": true,
                "device_name": "epda7kd9o31n2a8datda",
                "disk_id": "epda7kd9o31n2a8datda",
                "initialize_params": [
                  {
                    "block_size": 4096,
                    "description": "",
                    "image_id": "fd8dib4t4ekaijvk09rp",
                    "name": "root-node01",
                    "size": 50,
                    "snapshot_id": "",
                    "type": "network-ssd"
                  }
                ],
                "mode": "READ_WRITE"
              }
            ],
            "created_at": "2022-05-18T19:55:45Z",
            "description": "",
            "folder_id": "b1g7jkg3844vv1nn5r1a",
            "fqdn": "node01.netology.cloud",
            "hostname": "node01",
            "id": "epdqo21d2fdpqimpr0t1",
            "labels": null,
            "metadata": {
              "ssh-keys": "centos:ssh-rsa AAAAB3NzaC1yc2EAAAADAQABAAABAQC/EBW4EvwnnNwWdOQ1j6YIOWB3vva9eirTQVKrRCytfctp9ywoprD4HyLUAY5nWwlepkD3JtMDQEsuPEZpm6ehqOX5oteK4NZ8Jp6aPwQLIyK5g2QetxJxnEHMpXW2nymnNBAen/2tX2c65rAVn0k7sDAY34+IerZaVKU1PKF2DjkK845CZRbYoIOnCjPZVGu4uIzlPMTPgPWTMP4qjIuq3kgnJsOBpTRIf7OpDKSKXKuKRfE/eILlBONPpRtFxkLZwmBw1B3KsNjbeAguIbkMgOoUmdzvxffcPR0Wsu0me52NQJ4srgVL5QTXGgUSLgoTv1L30fFi0jqFVwZVTCWF root@dev1\n"
            },
            "name": "node01",
            "network_acceleration_type": "standard",
            "network_interface": [
              {
                "dns_record": [],
                "index": 0,
                "ip_address": "192.168.101.22",
                "ipv4": true,
                "ipv6": false,
                "ipv6_address": "",
                "ipv6_dns_record": [],
                "mac_address": "d0:0d:1a:c0:82:d1",
                "nat": true,
                "nat_dns_record": [],
                "nat_ip_address": "51.250.104.122",
                "nat_ip_version": "IPV4",
                "security_group_ids": [],
                "subnet_id": "e2lr4a8emdlum7h8uj9n"
              }
            ],
            "placement_policy": [
              {
                "host_affinity_rules": [],
                "placement_group_id": ""
              }
            ],
            "platform_id": "standard-v1",
            "resources": [
              {
                "core_fraction": 100,
                "cores": 8,
                "gpus": 0,
                "memory": 8
              }
            ],
            "scheduling_policy": [
              {
                "preemptible": false
              }
            ],
            "secondary_disk": [],
            "service_account_id": "",
            "status": "running",
            "timeouts": null,
            "zone": "ru-central1-b"
          },
          "sensitive_attributes": [],
          "private": "eyJlMmJmYjczMC1lY2FhLTExZTYtOGY4OC0zNDM2M2JjN2M0YzAiOnsiY3JlYXRlIjozMDAwMDAwMDAwMDAsImRlbGV0ZSI6MzAwMDAwMDAwMDAwLCJ1cGRhdGUiOjMwMDAwMDAwMDAwMH0sInNjaGVtYV92ZXJzaW9uIjoiMSJ9",
          "dependencies": [
            "yandex_vpc_subnet.default"
          ]
        }
      ]
    },
    {
      "mode": "managed",
      "type": "yandex_compute_instance",
      "name": "node02",
      "provider": "provider[\"registry.terraform.io/yandex-cloud/yandex\"]",
      "instances": [
        {
          "schema_version": 1,
          "attributes": {
            "allow_recreate": null,
            "allow_stopping_for_update": true,
            "boot_disk": [
              {
                "auto_delete": true,
                "device_name": "epdbh1qqg8lklb0mk52l",
                "disk_id": "epdbh1qqg8lklb0mk52l",
                "initialize_params": [
                  {
                    "block_size": 4096,
                    "description": "",
                    "image_id": "fd8dib4t4ekaijvk09rp",
                    "name": "root-node02",
                    "size": 50,
                    "snapshot_id": "",
                    "type": "network-ssd"
                  }
                ],
                "mode": "READ_WRITE"
              }
            ],
            "created_at": "2022-05-18T19:55:45Z",
            "description": "",
            "folder_id": "b1g7jkg3844vv1nn5r1a",
            "fqdn": "node02.netology.cloud",
            "hostname": "node02",
            "id": "epdmqat1vpkn450m83fo",
            "labels": null,
            "metadata": {
              "ssh-keys": "centos:ssh-rsa AAAAB3NzaC1yc2EAAAADAQABAAABAQC/EBW4EvwnnNwWdOQ1j6YIOWB3vva9eirTQVKrRCytfctp9ywoprD4HyLUAY5nWwlepkD3JtMDQEsuPEZpm6ehqOX5oteK4NZ8Jp6aPwQLIyK5g2QetxJxnEHMpXW2nymnNBAen/2tX2c65rAVn0k7sDAY34+IerZaVKU1PKF2DjkK845CZRbYoIOnCjPZVGu4uIzlPMTPgPWTMP4qjIuq3kgnJsOBpTRIf7OpDKSKXKuKRfE/eILlBONPpRtFxkLZwmBw1B3KsNjbeAguIbkMgOoUmdzvxffcPR0Wsu0me52NQJ4srgVL5QTXGgUSLgoTv1L30fFi0jqFVwZVTCWF root@dev1\n"
            },
            "name": "node02",
            "network_acceleration_type": "standard",
            "network_interface": [
              {
                "dns_record": [],
                "index": 0,
                "ip_address": "192.168.101.4",
                "ipv4": true,
                "ipv6": false,
                "ipv6_address": "",
                "ipv6_dns_record": [],
                "mac_address": "d0:0d:16:d2:ba:1f",
                "nat": true,
                "nat_dns_record": [],
                "nat_ip_address": "51.250.111.220",
                "nat_ip_version": "IPV4",
                "security_group_ids": [],
                "subnet_id": "e2lr4a8emdlum7h8uj9n"
              }
            ],
            "placement_policy": [
              {
                "host_affinity_rules": [],
                "placement_group_id": ""
              }
            ],
            "platform_id": "standard-v1",
            "resources": [
              {
                "core_fraction": 100,
                "cores": 8,
                "gpus": 0,
                "memory": 8
              }
            ],
            "scheduling_policy": [
              {
                "preemptible": false
              }
            ],
            "secondary_disk": [],
            "service_account_id": "",
            "status": "running",
            "timeouts": null,
            "zone": "ru-central1-b"
          },
          "sensitive_attributes": [],
          "private": "eyJlMmJmYjczMC1lY2FhLTExZTYtOGY4OC0zNDM2M2JjN2M0YzAiOnsiY3JlYXRlIjozMDAwMDAwMDAwMDAsImRlbGV0ZSI6MzAwMDAwMDAwMDAwLCJ1cGRhdGUiOjMwMDAwMDAwMDAwMH0sInNjaGVtYV92ZXJzaW9uIjoiMSJ9",
          "dependencies": [
            "yandex_vpc_subnet.default"
          ]
        }
      ]
    },
    {
      "mode": "managed",
      "type": "yandex_vpc_network",
      "name": "default",
      "provider": "provider[\"registry.terraform.io/yandex-cloud/yandex\"]",
      "instances": [
        {
          "schema_version": 0,
          "attributes": {
            "created_at": "2022-05-17T12:23:21Z",
            "default_security_group_id": "",
            "description": "",
            "folder_id": "b1g7jkg3844vv1nn5r1a",
            "id": "enpdkbvbnn2ei3tp96d4",
            "labels": {},
            "name": "net",
            "subnet_ids": [
              "e2lr4a8emdlum7h8uj9n"
            ],
            "timeouts": null
          },
          "sensitive_attributes": [],
          "private": "eyJlMmJmYjczMC1lY2FhLTExZTYtOGY4OC0zNDM2M2JjN2M0YzAiOnsiY3JlYXRlIjo2MDAwMDAwMDAwMCwiZGVsZXRlIjo2MDAwMDAwMDAwMCwidXBkYXRlIjo2MDAwMDAwMDAwMH19"
        }
      ]
    },
    {
      "mode": "managed",
      "type": "yandex_vpc_subnet",
      "name": "default",
      "provider": "provider[\"registry.terraform.io/yandex-cloud/yandex\"]",
      "instances": [
        {
          "schema_version": 0,
          "attributes": {
            "created_at": "2022-05-18T09:40:58Z",
            "description": "",
            "dhcp_options": [],
            "folder_id": "b1g7jkg3844vv1nn5r1a",
            "id": "e2lr4a8emdlum7h8uj9n",
            "labels": {},
            "name": "subnet",
            "network_id": "enpdkbvbnn2ei3tp96d4",
            "route_table_id": "",
            "timeouts": null,
            "v4_cidr_blocks": [
              "192.168.101.0/24"
            ],
            "v6_cidr_blocks": [],
            "zone": "ru-central1-b"
          },
          "sensitive_attributes": [],
          "private": "eyJlMmJmYjczMC1lY2FhLTExZTYtOGY4OC0zNDM2M2JjN2M0YzAiOnsiY3JlYXRlIjoxODAwMDAwMDAwMDAsImRlbGV0ZSI6MTgwMDAwMDAwMDAwLCJ1cGRhdGUiOjE4MDAwMDAwMDAwMH19",
          "dependencies": [
            "yandex_vpc_network.default"
          ]
        }
      ]
    }
  ]
}
